
Microsoft Visual Studio Solution File, Format Version 12.00
# Visual Studio Version 17
VisualStudioVersion = 17.5.002.0
MinimumVisualStudioVersion = 10.0.40219.1
Project("{9A19103F-16F7-4668-BE54-9A1E7A4F7556}") = "schedule", "schedule.csproj", "{523787BF-DB99-4CB3-964D-0F7A314E0CA7}"
EndProject
Global
	GlobalSection(SolutionConfigurationPlatforms) = preSolution
		Debug|Any CPU = Debug|Any CPU
		Release|Any CPU = Release|Any CPU
	EndGlobalSection
	GlobalSection(ProjectConfigurationPlatforms) = postSolution
		{523787BF-DB99-4CB3-964D-0F7A314E0CA7}.Debug|Any CPU.ActiveCfg = Debug|Any CPU
		{523787BF-DB99-4CB3-964D-0F7A314E0CA7}.Debug|Any CPU.Build.0 = Debug|Any CPU
		{523787BF-DB99-4CB3-964D-0F7A314E0CA7}.Release|Any CPU.ActiveCfg = Release|Any CPU
		{523787BF-DB99-4CB3-964D-0F7A314E0CA7}.Release|Any CPU.Build.0 = Release|Any CPU
	EndGlobalSection
	GlobalSection(SolutionProperties) = preSolution
		HideSolutionNode = FALSE
	EndGlobalSection
	GlobalSection(ExtensibilityGlobals) = postSolution
		SolutionGuid = {A954E13F-12BE-4FEA-BED0-953A26A31F46}
	EndGlobalSection
EndGlobal
